
Microsoft Visual Studio Solution File, Format Version 12.00
# Visual Studio Version 17
VisualStudioVersion = 17.3.32901.215
MinimumVisualStudioVersion = 10.0.40219.1
Project("{2150E333-8FDC-42A3-9474-1A3956D46DE8}") = "A - Creational", "A - Creational", "{7F219BDB-19B4-4804-8FAB-544655D9087F}"
EndProject
Project("{2150E333-8FDC-42A3-9474-1A3956D46DE8}") = "01 - Factory Method", "01 - Factory Method", "{DBADAF0B-5B15-4C99-8B39-6365CEB924DD}"
EndProject
Project("{2150E333-8FDC-42A3-9474-1A3956D46DE8}") = "B - Structural", "B - Structural", "{514BA953-8276-4E8F-B5EA-337117C678AE}"
EndProject
Project("{2150E333-8FDC-42A3-9474-1A3956D46DE8}") = "C - Behavioral", "C - Behavioral", "{8C477146-94DB-4F40-8013-F7EE45C1F1C4}"
EndProject
Project("{2150E333-8FDC-42A3-9474-1A3956D46DE8}") = "02 - Abstract Factory", "02 - Abstract Factory", "{E5470E72-71EE-4B28-8548-00F5C3ABCAA9}"
EndProject
Project("{9A19103F-16F7-4668-BE54-9A1E7A4F7556}") = "FactoryMethod", "FactoryMethod\FactoryMethod.csproj", "{CD37FA95-682F-456B-953B-1D0CFF757DAD}"
EndProject
Project("{9A19103F-16F7-4668-BE54-9A1E7A4F7556}") = "AbstractFactory", "AbstractFactory\AbstractFactory.csproj", "{761DD75F-A2B2-4B73-A6AF-2E2D9EEE39F2}"
EndProject
Project("{2150E333-8FDC-42A3-9474-1A3956D46DE8}") = "01 - Adapter", "01 - Adapter", "{2E1E5D64-4673-4DE9-9368-250A881A7C86}"
EndProject
Project("{FAE04EC0-301F-11D3-BF4B-00C04F79EFBC}") = "Adapter", "Adapter\Adapter.csproj", "{7E5903B0-5B54-44C5-89C7-7F09EB337A69}"
EndProject
Project("{2150E333-8FDC-42A3-9474-1A3956D46DE8}") = "02 - Bridge", "02 - Bridge", "{6D1B9C95-F26D-43BD-93CA-075A437E57FD}"
EndProject
Project("{FAE04EC0-301F-11D3-BF4B-00C04F79EFBC}") = "Bridge", "Bridge\Bridge.csproj", "{27087BCD-74A0-4D16-A996-EB77E26369CB}"
EndProject
Project("{2150E333-8FDC-42A3-9474-1A3956D46DE8}") = "03 - Decorator", "03 - Decorator", "{862C80B0-B02D-4332-8088-3A513E13D8BA}"
EndProject
Project("{FAE04EC0-301F-11D3-BF4B-00C04F79EFBC}") = "Decorator", "Decorator\Decorator.csproj", "{A8D7604F-70B3-46D6-A499-4CC8E9E7AEB9}"
EndProject
Global
	GlobalSection(SolutionConfigurationPlatforms) = preSolution
		Debug|Any CPU = Debug|Any CPU
		Release|Any CPU = Release|Any CPU
	EndGlobalSection
	GlobalSection(ProjectConfigurationPlatforms) = postSolution
		{CD37FA95-682F-456B-953B-1D0CFF757DAD}.Debug|Any CPU.ActiveCfg = Debug|Any CPU
		{CD37FA95-682F-456B-953B-1D0CFF757DAD}.Debug|Any CPU.Build.0 = Debug|Any CPU
		{CD37FA95-682F-456B-953B-1D0CFF757DAD}.Release|Any CPU.ActiveCfg = Release|Any CPU
		{CD37FA95-682F-456B-953B-1D0CFF757DAD}.Release|Any CPU.Build.0 = Release|Any CPU
		{761DD75F-A2B2-4B73-A6AF-2E2D9EEE39F2}.Debug|Any CPU.ActiveCfg = Debug|Any CPU
		{761DD75F-A2B2-4B73-A6AF-2E2D9EEE39F2}.Debug|Any CPU.Build.0 = Debug|Any CPU
		{761DD75F-A2B2-4B73-A6AF-2E2D9EEE39F2}.Release|Any CPU.ActiveCfg = Release|Any CPU
		{761DD75F-A2B2-4B73-A6AF-2E2D9EEE39F2}.Release|Any CPU.Build.0 = Release|Any CPU
		{7E5903B0-5B54-44C5-89C7-7F09EB337A69}.Debug|Any CPU.ActiveCfg = Debug|Any CPU
		{7E5903B0-5B54-44C5-89C7-7F09EB337A69}.Debug|Any CPU.Build.0 = Debug|Any CPU
		{7E5903B0-5B54-44C5-89C7-7F09EB337A69}.Release|Any CPU.ActiveCfg = Release|Any CPU
		{7E5903B0-5B54-44C5-89C7-7F09EB337A69}.Release|Any CPU.Build.0 = Release|Any CPU
		{27087BCD-74A0-4D16-A996-EB77E26369CB}.Debug|Any CPU.ActiveCfg = Debug|Any CPU
		{27087BCD-74A0-4D16-A996-EB77E26369CB}.Debug|Any CPU.Build.0 = Debug|Any CPU
		{27087BCD-74A0-4D16-A996-EB77E26369CB}.Release|Any CPU.ActiveCfg = Release|Any CPU
		{27087BCD-74A0-4D16-A996-EB77E26369CB}.Release|Any CPU.Build.0 = Release|Any CPU
		{A8D7604F-70B3-46D6-A499-4CC8E9E7AEB9}.Debug|Any CPU.ActiveCfg = Debug|Any CPU
		{A8D7604F-70B3-46D6-A499-4CC8E9E7AEB9}.Debug|Any CPU.Build.0 = Debug|Any CPU
		{A8D7604F-70B3-46D6-A499-4CC8E9E7AEB9}.Release|Any CPU.ActiveCfg = Release|Any CPU
		{A8D7604F-70B3-46D6-A499-4CC8E9E7AEB9}.Release|Any CPU.Build.0 = Release|Any CPU
	EndGlobalSection
	GlobalSection(SolutionProperties) = preSolution
		HideSolutionNode = FALSE
	EndGlobalSection
	GlobalSection(NestedProjects) = preSolution
		{DBADAF0B-5B15-4C99-8B39-6365CEB924DD} = {7F219BDB-19B4-4804-8FAB-544655D9087F}
		{E5470E72-71EE-4B28-8548-00F5C3ABCAA9} = {7F219BDB-19B4-4804-8FAB-544655D9087F}
		{CD37FA95-682F-456B-953B-1D0CFF757DAD} = {DBADAF0B-5B15-4C99-8B39-6365CEB924DD}
		{761DD75F-A2B2-4B73-A6AF-2E2D9EEE39F2} = {E5470E72-71EE-4B28-8548-00F5C3ABCAA9}
		{2E1E5D64-4673-4DE9-9368-250A881A7C86} = {514BA953-8276-4E8F-B5EA-337117C678AE}
		{7E5903B0-5B54-44C5-89C7-7F09EB337A69} = {2E1E5D64-4673-4DE9-9368-250A881A7C86}
		{6D1B9C95-F26D-43BD-93CA-075A437E57FD} = {514BA953-8276-4E8F-B5EA-337117C678AE}
		{27087BCD-74A0-4D16-A996-EB77E26369CB} = {6D1B9C95-F26D-43BD-93CA-075A437E57FD}
		{862C80B0-B02D-4332-8088-3A513E13D8BA} = {514BA953-8276-4E8F-B5EA-337117C678AE}
		{A8D7604F-70B3-46D6-A499-4CC8E9E7AEB9} = {862C80B0-B02D-4332-8088-3A513E13D8BA}
	EndGlobalSection
	GlobalSection(ExtensibilityGlobals) = postSolution
		SolutionGuid = {52E54FDE-A07B-4E1E-A368-9EA90227053B}
	EndGlobalSection
EndGlobal
